
Microsoft Visual Studio Solution File, Format Version 12.00
# Visual Studio Version 17
VisualStudioVersion = 17.11.35219.272
MinimumVisualStudioVersion = 10.0.40219.1
Project("{FAE04EC0-301F-11D3-BF4B-00C04F79EFBC}") = "BeginningSocket_SSL_AI_Help", "BeginningSocket_SSL_AI_Help.csproj", "{7704E3DB-3225-4B41-96F1-0A8FC0591009}"
EndProject
Global
	GlobalSection(SolutionConfigurationPlatforms) = preSolution
		Debug|Any CPU = Debug|Any CPU
		Release|Any CPU = Release|Any CPU
	EndGlobalSection
	GlobalSection(ProjectConfigurationPlatforms) = postSolution
		{7704E3DB-3225-4B41-96F1-0A8FC0591009}.Debug|Any CPU.ActiveCfg = Debug|Any CPU
		{7704E3DB-3225-4B41-96F1-0A8FC0591009}.Debug|Any CPU.Build.0 = Debug|Any CPU
		{7704E3DB-3225-4B41-96F1-0A8FC0591009}.Release|Any CPU.ActiveCfg = Release|Any CPU
		{7704E3DB-3225-4B41-96F1-0A8FC0591009}.Release|Any CPU.Build.0 = Release|Any CPU
	EndGlobalSection
	GlobalSection(SolutionProperties) = preSolution
		HideSolutionNode = FALSE
	EndGlobalSection
	GlobalSection(ExtensibilityGlobals) = postSolution
		SolutionGuid = {A4D8F91C-8775-4AC6-B999-A96753D37A4E}
	EndGlobalSection
EndGlobal
